
Microsoft Visual Studio Solution File, Format Version 12.00
# Visual Studio 15
VisualStudioVersion = 15.0.26730.16
MinimumVisualStudioVersion = 10.0.40219.1
Project("{FAE04EC0-301F-11D3-BF4B-00C04F79EFBC}") = "Mao", "LibMao\Mao.csproj", "{10985A8B-B211-4D76-BF1B-806585B5CD2A}"
EndProject
Project("{FAE04EC0-301F-11D3-BF4B-00C04F79EFBC}") = "Mao.Text", "Mao.Console\Mao.Text.csproj", "{9C4F7C05-858D-441E-ABBF-9E21C27CECF6}"
EndProject
Global
	GlobalSection(SolutionConfigurationPlatforms) = preSolution
		Debug|Any CPU = Debug|Any CPU
		Release|Any CPU = Release|Any CPU
	EndGlobalSection
	GlobalSection(ProjectConfigurationPlatforms) = postSolution
		{10985A8B-B211-4D76-BF1B-806585B5CD2A}.Debug|Any CPU.ActiveCfg = Debug|Any CPU
		{10985A8B-B211-4D76-BF1B-806585B5CD2A}.Debug|Any CPU.Build.0 = Debug|Any CPU
		{10985A8B-B211-4D76-BF1B-806585B5CD2A}.Release|Any CPU.ActiveCfg = Release|Any CPU
		{10985A8B-B211-4D76-BF1B-806585B5CD2A}.Release|Any CPU.Build.0 = Release|Any CPU
		{9C4F7C05-858D-441E-ABBF-9E21C27CECF6}.Debug|Any CPU.ActiveCfg = Debug|Any CPU
		{9C4F7C05-858D-441E-ABBF-9E21C27CECF6}.Debug|Any CPU.Build.0 = Debug|Any CPU
		{9C4F7C05-858D-441E-ABBF-9E21C27CECF6}.Release|Any CPU.ActiveCfg = Release|Any CPU
		{9C4F7C05-858D-441E-ABBF-9E21C27CECF6}.Release|Any CPU.Build.0 = Release|Any CPU
	EndGlobalSection
	GlobalSection(SolutionProperties) = preSolution
		HideSolutionNode = FALSE
	EndGlobalSection
	GlobalSection(ExtensibilityGlobals) = postSolution
		SolutionGuid = {5E62EF8F-403C-4E3F-9C22-D853B22992EA}
	EndGlobalSection
EndGlobal
